
Microsoft Visual Studio Solution File, Format Version 12.00
# Visual Studio Version 16
VisualStudioVersion = 16.0.32228.343
MinimumVisualStudioVersion = 10.0.40219.1
Project("{FAE04EC0-301F-11D3-BF4B-00C04F79EFBC}") = "Flappy Bird Game 1", "Flappy Bird Game 1\Flappy Bird Game 1.csproj", "{9279ADF1-F606-444E-85BE-67268E163FD6}"
EndProject
Global
	GlobalSection(SolutionConfigurationPlatforms) = preSolution
		Debug|Any CPU = Debug|Any CPU
		Release|Any CPU = Release|Any CPU
	EndGlobalSection
	GlobalSection(ProjectConfigurationPlatforms) = postSolution
		{9279ADF1-F606-444E-85BE-67268E163FD6}.Debug|Any CPU.ActiveCfg = Debug|Any CPU
		{9279ADF1-F606-444E-85BE-67268E163FD6}.Debug|Any CPU.Build.0 = Debug|Any CPU
		{9279ADF1-F606-444E-85BE-67268E163FD6}.Release|Any CPU.ActiveCfg = Release|Any CPU
		{9279ADF1-F606-444E-85BE-67268E163FD6}.Release|Any CPU.Build.0 = Release|Any CPU
	EndGlobalSection
	GlobalSection(SolutionProperties) = preSolution
		HideSolutionNode = FALSE
	EndGlobalSection
	GlobalSection(ExtensibilityGlobals) = postSolution
		SolutionGuid = {E9713566-F51A-4B33-AFEC-B69A58F1BDC0}
	EndGlobalSection
EndGlobal
